
Microsoft Visual Studio Solution File, Format Version 12.00
# Visual Studio 15
VisualStudioVersion = 15.0.27130.2036
MinimumVisualStudioVersion = 10.0.40219.1
Project("{9A19103F-16F7-4668-BE54-9A1E7A4F7556}") = "RomanNumerals.lib", "RomanNumerals.lib\RomanNumerals.lib.csproj", "{99A8EFE6-B35C-4033-8C83-6AEA2EC9FEAA}"
EndProject
Project("{FAE04EC0-301F-11D3-BF4B-00C04F79EFBC}") = "RomanNumerals.test", "RomanNumerals.test\RomanNumerals.test.csproj", "{49638A29-D4F6-46C3-A17C-EA8FA79AC119}"
EndProject
Global
	GlobalSection(SolutionConfigurationPlatforms) = preSolution
		Debug|Any CPU = Debug|Any CPU
		Release|Any CPU = Release|Any CPU
	EndGlobalSection
	GlobalSection(ProjectConfigurationPlatforms) = postSolution
		{99A8EFE6-B35C-4033-8C83-6AEA2EC9FEAA}.Debug|Any CPU.ActiveCfg = Debug|Any CPU
		{99A8EFE6-B35C-4033-8C83-6AEA2EC9FEAA}.Debug|Any CPU.Build.0 = Debug|Any CPU
		{99A8EFE6-B35C-4033-8C83-6AEA2EC9FEAA}.Release|Any CPU.ActiveCfg = Release|Any CPU
		{99A8EFE6-B35C-4033-8C83-6AEA2EC9FEAA}.Release|Any CPU.Build.0 = Release|Any CPU
		{49638A29-D4F6-46C3-A17C-EA8FA79AC119}.Debug|Any CPU.ActiveCfg = Debug|Any CPU
		{49638A29-D4F6-46C3-A17C-EA8FA79AC119}.Debug|Any CPU.Build.0 = Debug|Any CPU
		{49638A29-D4F6-46C3-A17C-EA8FA79AC119}.Release|Any CPU.ActiveCfg = Release|Any CPU
		{49638A29-D4F6-46C3-A17C-EA8FA79AC119}.Release|Any CPU.Build.0 = Release|Any CPU
	EndGlobalSection
	GlobalSection(SolutionProperties) = preSolution
		HideSolutionNode = FALSE
	EndGlobalSection
	GlobalSection(ExtensibilityGlobals) = postSolution
		SolutionGuid = {2742D5CC-EC35-4DE8-BA5F-3B38CA120C7E}
	EndGlobalSection
EndGlobal
